
Microsoft Visual Studio Solution File, Format Version 12.00
# Visual Studio 2017
Project("{FAE04EC0-301F-11D3-BF4B-00C04F79EFBC}") = "EmojiText", "EmojiText.csproj", "{9FB6CBA6-E9C1-9EB1-341E-987B5A821AA5}"
EndProject
Project("{FAE04EC0-301F-11D3-BF4B-00C04F79EFBC}") = "EmojiText.Editor", "EmojiText.Editor.csproj", "{F182228A-959E-C45D-FE3E-1972EE277752}"
EndProject
Global
	GlobalSection(SolutionConfigurationPlatforms) = preSolution
		Debug|Any CPU = Debug|Any CPU
		Release|Any CPU = Release|Any CPU
	EndGlobalSection
	GlobalSection(ProjectConfigurationPlatforms) = postSolution
		{9FB6CBA6-E9C1-9EB1-341E-987B5A821AA5}.Debug|Any CPU.ActiveCfg = Debug|Any CPU
		{9FB6CBA6-E9C1-9EB1-341E-987B5A821AA5}.Debug|Any CPU.Build.0 = Debug|Any CPU
		{9FB6CBA6-E9C1-9EB1-341E-987B5A821AA5}.Release|Any CPU.ActiveCfg = Release|Any CPU
		{9FB6CBA6-E9C1-9EB1-341E-987B5A821AA5}.Release|Any CPU.Build.0 = Release|Any CPU
		{F182228A-959E-C45D-FE3E-1972EE277752}.Debug|Any CPU.ActiveCfg = Debug|Any CPU
		{F182228A-959E-C45D-FE3E-1972EE277752}.Debug|Any CPU.Build.0 = Debug|Any CPU
		{F182228A-959E-C45D-FE3E-1972EE277752}.Release|Any CPU.ActiveCfg = Release|Any CPU
		{F182228A-959E-C45D-FE3E-1972EE277752}.Release|Any CPU.Build.0 = Release|Any CPU
	EndGlobalSection
	GlobalSection(SolutionProperties) = preSolution
		HideSolutionNode = FALSE
	EndGlobalSection
EndGlobal
